
Microsoft Visual Studio Solution File, Format Version 12.00
Project("{FAE04EC0-301F-11D3-BF4B-00C04F79EFBC}") = "Steam Shortcut Creator", "Steam Shortcut Creator\Steam Shortcut Creator.csproj", "{04638045-713C-44E8-806D-E96D5F4CF469}"
EndProject
Global
	GlobalSection(SolutionConfigurationPlatforms) = preSolution
		Debug|Any CPU = Debug|Any CPU
		Release|Any CPU = Release|Any CPU
	EndGlobalSection
	GlobalSection(ProjectConfigurationPlatforms) = postSolution
		{04638045-713C-44E8-806D-E96D5F4CF469}.Debug|Any CPU.ActiveCfg = Debug|Any CPU
		{04638045-713C-44E8-806D-E96D5F4CF469}.Debug|Any CPU.Build.0 = Debug|Any CPU
		{04638045-713C-44E8-806D-E96D5F4CF469}.Release|Any CPU.ActiveCfg = Release|Any CPU
		{04638045-713C-44E8-806D-E96D5F4CF469}.Release|Any CPU.Build.0 = Release|Any CPU
	EndGlobalSection
EndGlobal
